
Microsoft Visual Studio Solution File, Format Version 12.00
# Visual Studio Version 16
VisualStudioVersion = 16.0.28922.388
MinimumVisualStudioVersion = 10.0.40219.1
Project("{FAE04EC0-301F-11D3-BF4B-00C04F79EFBC}") = "SMimeSigner", "SMimeSigner\SMimeSigner.csproj", "{4D29B301-B3B0-4963-86C9-8AD463883EE8}"
EndProject
Global
	GlobalSection(SolutionConfigurationPlatforms) = preSolution
		Debug|Any CPU = Debug|Any CPU
		Release|Any CPU = Release|Any CPU
	EndGlobalSection
	GlobalSection(ProjectConfigurationPlatforms) = postSolution
		{4D29B301-B3B0-4963-86C9-8AD463883EE8}.Debug|Any CPU.ActiveCfg = Debug|Any CPU
		{4D29B301-B3B0-4963-86C9-8AD463883EE8}.Debug|Any CPU.Build.0 = Debug|Any CPU
		{4D29B301-B3B0-4963-86C9-8AD463883EE8}.Release|Any CPU.ActiveCfg = Release|Any CPU
		{4D29B301-B3B0-4963-86C9-8AD463883EE8}.Release|Any CPU.Build.0 = Release|Any CPU
	EndGlobalSection
	GlobalSection(SolutionProperties) = preSolution
		HideSolutionNode = FALSE
	EndGlobalSection
	GlobalSection(ExtensibilityGlobals) = postSolution
		SolutionGuid = {DE29D500-561A-44C5-9505-A9A7325B2234}
	EndGlobalSection
EndGlobal
